
Microsoft Visual Studio Solution File, Format Version 12.00
# Visual Studio Version 16
VisualStudioVersion = 16.0.31729.503
MinimumVisualStudioVersion = 10.0.40219.1
Project("{FAE04EC0-301F-11D3-BF4B-00C04F79EFBC}") = "WPFSpinner", "WPFSpinner\WPFSpinner.csproj", "{415F5A82-FA08-4036-9B4C-02BD192A9EFB}"
EndProject
Global
	GlobalSection(SolutionConfigurationPlatforms) = preSolution
		Debug|Any CPU = Debug|Any CPU
		Release|Any CPU = Release|Any CPU
	EndGlobalSection
	GlobalSection(ProjectConfigurationPlatforms) = postSolution
		{415F5A82-FA08-4036-9B4C-02BD192A9EFB}.Debug|Any CPU.ActiveCfg = Debug|Any CPU
		{415F5A82-FA08-4036-9B4C-02BD192A9EFB}.Debug|Any CPU.Build.0 = Debug|Any CPU
		{415F5A82-FA08-4036-9B4C-02BD192A9EFB}.Release|Any CPU.ActiveCfg = Release|Any CPU
		{415F5A82-FA08-4036-9B4C-02BD192A9EFB}.Release|Any CPU.Build.0 = Release|Any CPU
	EndGlobalSection
	GlobalSection(SolutionProperties) = preSolution
		HideSolutionNode = FALSE
	EndGlobalSection
	GlobalSection(ExtensibilityGlobals) = postSolution
		SolutionGuid = {06F89AF0-98B4-45C7-B74B-6369EEDC952E}
	EndGlobalSection
EndGlobal
